
Microsoft Visual Studio Solution File, Format Version 12.00
# Visual Studio Version 17
VisualStudioVersion = 17.7.34024.191
MinimumVisualStudioVersion = 10.0.40219.1
Project("{8BC9CEB8-8B4A-11D0-8D11-00A0C91BC942}") = "Zad 5.1", "Zad 5.1\Zad 5.1.vcxproj", "{845D7D9A-9F9B-4777-9C12-DB5F3234233A}"
EndProject
Global
	GlobalSection(SolutionConfigurationPlatforms) = preSolution
		Debug|x64 = Debug|x64
		Debug|x86 = Debug|x86
		Release|x64 = Release|x64
		Release|x86 = Release|x86
	EndGlobalSection
	GlobalSection(ProjectConfigurationPlatforms) = postSolution
		{845D7D9A-9F9B-4777-9C12-DB5F3234233A}.Debug|x64.ActiveCfg = Debug|x64
		{845D7D9A-9F9B-4777-9C12-DB5F3234233A}.Debug|x64.Build.0 = Debug|x64
		{845D7D9A-9F9B-4777-9C12-DB5F3234233A}.Debug|x86.ActiveCfg = Debug|Win32
		{845D7D9A-9F9B-4777-9C12-DB5F3234233A}.Debug|x86.Build.0 = Debug|Win32
		{845D7D9A-9F9B-4777-9C12-DB5F3234233A}.Release|x64.ActiveCfg = Release|x64
		{845D7D9A-9F9B-4777-9C12-DB5F3234233A}.Release|x64.Build.0 = Release|x64
		{845D7D9A-9F9B-4777-9C12-DB5F3234233A}.Release|x86.ActiveCfg = Release|Win32
		{845D7D9A-9F9B-4777-9C12-DB5F3234233A}.Release|x86.Build.0 = Release|Win32
	EndGlobalSection
	GlobalSection(SolutionProperties) = preSolution
		HideSolutionNode = FALSE
	EndGlobalSection
	GlobalSection(ExtensibilityGlobals) = postSolution
		SolutionGuid = {3C2B71B2-D958-445E-86B3-21642606413A}
	EndGlobalSection
EndGlobal
