
Microsoft Visual Studio Solution File, Format Version 12.00
# Visual Studio Version 17
VisualStudioVersion = 17.7.34024.191
MinimumVisualStudioVersion = 10.0.40219.1
Project("{8BC9CEB8-8B4A-11D0-8D11-00A0C91BC942}") = "Zad 1.1", "Zad 1.1\Zad 1.1.vcxproj", "{33436197-6F91-4C6C-9D6C-C7656A4250AA}"
EndProject
Global
	GlobalSection(SolutionConfigurationPlatforms) = preSolution
		Debug|x64 = Debug|x64
		Debug|x86 = Debug|x86
		Release|x64 = Release|x64
		Release|x86 = Release|x86
	EndGlobalSection
	GlobalSection(ProjectConfigurationPlatforms) = postSolution
		{33436197-6F91-4C6C-9D6C-C7656A4250AA}.Debug|x64.ActiveCfg = Debug|x64
		{33436197-6F91-4C6C-9D6C-C7656A4250AA}.Debug|x64.Build.0 = Debug|x64
		{33436197-6F91-4C6C-9D6C-C7656A4250AA}.Debug|x86.ActiveCfg = Debug|Win32
		{33436197-6F91-4C6C-9D6C-C7656A4250AA}.Debug|x86.Build.0 = Debug|Win32
		{33436197-6F91-4C6C-9D6C-C7656A4250AA}.Release|x64.ActiveCfg = Release|x64
		{33436197-6F91-4C6C-9D6C-C7656A4250AA}.Release|x64.Build.0 = Release|x64
		{33436197-6F91-4C6C-9D6C-C7656A4250AA}.Release|x86.ActiveCfg = Release|Win32
		{33436197-6F91-4C6C-9D6C-C7656A4250AA}.Release|x86.Build.0 = Release|Win32
	EndGlobalSection
	GlobalSection(SolutionProperties) = preSolution
		HideSolutionNode = FALSE
	EndGlobalSection
	GlobalSection(ExtensibilityGlobals) = postSolution
		SolutionGuid = {DB1E67A0-8C5E-4A4E-B0DD-1A286F8B308E}
	EndGlobalSection
EndGlobal
